
Microsoft Visual Studio Solution File, Format Version 12.00
# Visual Studio Version 17
VisualStudioVersion = 17.6.33815.320
MinimumVisualStudioVersion = 10.0.40219.1
Project("{9A19103F-16F7-4668-BE54-9A1E7A4F7556}") = "AspNetRedis", "AspNetRedis.csproj", "{4A85A651-FCE5-4F80-B3AD-CA5B86357896}"
EndProject
Project("{E53339B2-1760-4266-BCC7-CA923CBCF16C}") = "docker-compose", "../docker-compose.dcproj", "{A30399F7-27D6-4AE9-893F-5ADAECCC46B5}"
EndProject
Global
	GlobalSection(SolutionConfigurationPlatforms) = preSolution
		Debug|Any CPU = Debug|Any CPU
		Release|Any CPU = Release|Any CPU
	EndGlobalSection
	GlobalSection(ProjectConfigurationPlatforms) = postSolution
		{4A85A651-FCE5-4F80-B3AD-CA5B86357896}.Debug|Any CPU.ActiveCfg = Debug|Any CPU
		{4A85A651-FCE5-4F80-B3AD-CA5B86357896}.Debug|Any CPU.Build.0 = Debug|Any CPU
		{4A85A651-FCE5-4F80-B3AD-CA5B86357896}.Release|Any CPU.ActiveCfg = Release|Any CPU
		{4A85A651-FCE5-4F80-B3AD-CA5B86357896}.Release|Any CPU.Build.0 = Release|Any CPU
		{A30399F7-27D6-4AE9-893F-5ADAECCC46B5}.Debug|Any CPU.ActiveCfg = Debug|Any CPU
		{A30399F7-27D6-4AE9-893F-5ADAECCC46B5}.Debug|Any CPU.Build.0 = Debug|Any CPU
		{A30399F7-27D6-4AE9-893F-5ADAECCC46B5}.Release|Any CPU.ActiveCfg = Release|Any CPU
		{A30399F7-27D6-4AE9-893F-5ADAECCC46B5}.Release|Any CPU.Build.0 = Release|Any CPU
	EndGlobalSection
	GlobalSection(SolutionProperties) = preSolution
		HideSolutionNode = FALSE
	EndGlobalSection
	GlobalSection(ExtensibilityGlobals) = postSolution
		SolutionGuid = {BEA38AFC-BCE5-43D0-AD61-2D27EE03EA7E}
	EndGlobalSection
EndGlobal
